
Microsoft Visual Studio Solution File, Format Version 12.00
# Visual Studio Version 17
VisualStudioVersion = 17.10.35027.167
MinimumVisualStudioVersion = 10.0.40219.1
Project("{FAE04EC0-301F-11D3-BF4B-00C04F79EFBC}") = "Practice", "Practice\Practice.csproj", "{F9EA2792-0F75-45B8-A473-904083F2F0BC}"
EndProject
Global
	GlobalSection(SolutionConfigurationPlatforms) = preSolution
		Debug|Any CPU = Debug|Any CPU
		Release|Any CPU = Release|Any CPU
	EndGlobalSection
	GlobalSection(ProjectConfigurationPlatforms) = postSolution
		{F9EA2792-0F75-45B8-A473-904083F2F0BC}.Debug|Any CPU.ActiveCfg = Debug|Any CPU
		{F9EA2792-0F75-45B8-A473-904083F2F0BC}.Debug|Any CPU.Build.0 = Debug|Any CPU
		{F9EA2792-0F75-45B8-A473-904083F2F0BC}.Release|Any CPU.ActiveCfg = Release|Any CPU
		{F9EA2792-0F75-45B8-A473-904083F2F0BC}.Release|Any CPU.Build.0 = Release|Any CPU
	EndGlobalSection
	GlobalSection(SolutionProperties) = preSolution
		HideSolutionNode = FALSE
	EndGlobalSection
	GlobalSection(ExtensibilityGlobals) = postSolution
		SolutionGuid = {665793FF-BFFE-4E5B-9BB2-2F876EE24A65}
	EndGlobalSection
EndGlobal
